
Microsoft Visual Studio Solution File, Format Version 12.00
# Visual Studio Version 17
VisualStudioVersion = 17.9.34622.214
MinimumVisualStudioVersion = 10.0.40219.1
Project("{FAE04EC0-301F-11D3-BF4B-00C04F79EFBC}") = "TestiriumWF", "TestiriumWF\TestiriumWF.csproj", "{3DA66801-6906-4A34-BA0A-334E588E60EC}"
EndProject
Project("{2150E333-8FDC-42A3-9474-1A3956D46DE8}") = "Solution Items", "Solution Items", "{58402BAF-9586-4441-B4A9-4D13802D03F2}"
	ProjectSection(SolutionItems) = preProject
		.editorconfig = .editorconfig
	EndProjectSection
EndProject
Project("{FAE04EC0-301F-11D3-BF4B-00C04F79EFBC}") = "TestStructure", "TestStructure\TestStructure.csproj", "{3954FB6F-9E51-4E94-96E5-E31856416CB9}"
EndProject
Project("{54435603-DBB4-11D2-8724-00A0C9A8B90C}") = "TestiriumWFSetup", "TestiriumWFSetup\TestiriumWFSetup.vdproj", "{4D8FA0BE-D9EE-49B3-BC31-461FFC8D05DC}"
EndProject
Global
	GlobalSection(SolutionConfigurationPlatforms) = preSolution
		Debug|Any CPU = Debug|Any CPU
		Release|Any CPU = Release|Any CPU
	EndGlobalSection
	GlobalSection(ProjectConfigurationPlatforms) = postSolution
		{3DA66801-6906-4A34-BA0A-334E588E60EC}.Debug|Any CPU.ActiveCfg = Debug|Any CPU
		{3DA66801-6906-4A34-BA0A-334E588E60EC}.Debug|Any CPU.Build.0 = Debug|Any CPU
		{3DA66801-6906-4A34-BA0A-334E588E60EC}.Release|Any CPU.ActiveCfg = Release|Any CPU
		{3DA66801-6906-4A34-BA0A-334E588E60EC}.Release|Any CPU.Build.0 = Release|Any CPU
		{3954FB6F-9E51-4E94-96E5-E31856416CB9}.Debug|Any CPU.ActiveCfg = Debug|Any CPU
		{3954FB6F-9E51-4E94-96E5-E31856416CB9}.Debug|Any CPU.Build.0 = Debug|Any CPU
		{3954FB6F-9E51-4E94-96E5-E31856416CB9}.Release|Any CPU.ActiveCfg = Release|Any CPU
		{3954FB6F-9E51-4E94-96E5-E31856416CB9}.Release|Any CPU.Build.0 = Release|Any CPU
		{4D8FA0BE-D9EE-49B3-BC31-461FFC8D05DC}.Debug|Any CPU.ActiveCfg = Debug
		{4D8FA0BE-D9EE-49B3-BC31-461FFC8D05DC}.Release|Any CPU.ActiveCfg = Release
	EndGlobalSection
	GlobalSection(SolutionProperties) = preSolution
		HideSolutionNode = FALSE
	EndGlobalSection
	GlobalSection(ExtensibilityGlobals) = postSolution
		SolutionGuid = {EF1EE069-FC4D-4802-A31F-C7052FCB1F73}
	EndGlobalSection
EndGlobal
